
Microsoft Visual Studio Solution File, Format Version 12.00
# Visual Studio Version 16
<<<<<<< HEAD
VisualStudioVersion = 16.0.29613.14
MinimumVisualStudioVersion = 10.0.40219.1
Project("{FAE04EC0-301F-11D3-BF4B-00C04F79EFBC}") = "ChatAnalyzer", "ChatAnalyzerRefactored\ChatAnalyzer.csproj", "{8DE65386-A3D7-4447-A4C7-804FC90E7A7D}"
=======
VisualStudioVersion = 16.0.29306.81
MinimumVisualStudioVersion = 10.0.40219.1
Project("{FAE04EC0-301F-11D3-BF4B-00C04F79EFBC}") = "ChatAnalyzer", "ChatAnalyzer\ChatAnalyzer.csproj", "{2C34FA2E-82FF-4A31-8BCF-9C2524F306A7}"
>>>>>>> 4bb18a7f9ad143ef08537316ab9d044d8395ece2
EndProject
Global
	GlobalSection(SolutionConfigurationPlatforms) = preSolution
		Debug|Any CPU = Debug|Any CPU
		Release|Any CPU = Release|Any CPU
	EndGlobalSection
	GlobalSection(ProjectConfigurationPlatforms) = postSolution
<<<<<<< HEAD
		{8DE65386-A3D7-4447-A4C7-804FC90E7A7D}.Debug|Any CPU.ActiveCfg = Debug|Any CPU
		{8DE65386-A3D7-4447-A4C7-804FC90E7A7D}.Debug|Any CPU.Build.0 = Debug|Any CPU
		{8DE65386-A3D7-4447-A4C7-804FC90E7A7D}.Release|Any CPU.ActiveCfg = Release|Any CPU
		{8DE65386-A3D7-4447-A4C7-804FC90E7A7D}.Release|Any CPU.Build.0 = Release|Any CPU
=======
		{2C34FA2E-82FF-4A31-8BCF-9C2524F306A7}.Debug|Any CPU.ActiveCfg = Debug|Any CPU
		{2C34FA2E-82FF-4A31-8BCF-9C2524F306A7}.Debug|Any CPU.Build.0 = Debug|Any CPU
		{2C34FA2E-82FF-4A31-8BCF-9C2524F306A7}.Release|Any CPU.ActiveCfg = Release|Any CPU
		{2C34FA2E-82FF-4A31-8BCF-9C2524F306A7}.Release|Any CPU.Build.0 = Release|Any CPU
>>>>>>> 4bb18a7f9ad143ef08537316ab9d044d8395ece2
	EndGlobalSection
	GlobalSection(SolutionProperties) = preSolution
		HideSolutionNode = FALSE
	EndGlobalSection
	GlobalSection(ExtensibilityGlobals) = postSolution
<<<<<<< HEAD
		SolutionGuid = {BFEE9D74-49D5-46BD-A840-881383F8F3B5}
=======
		SolutionGuid = {5325D9DE-8096-4F80-B1A3-C5BE95CAB1DE}
>>>>>>> 4bb18a7f9ad143ef08537316ab9d044d8395ece2
	EndGlobalSection
EndGlobal
